
Microsoft Visual Studio Solution File, Format Version 12.00
# Visual Studio Version 17
VisualStudioVersion = 17.11.35219.272
MinimumVisualStudioVersion = 10.0.40219.1
Project("{FAE04EC0-301F-11D3-BF4B-00C04F79EFBC}") = "Participation4_JexJacob", "Participation4_JexJacob.csproj", "{A8D4A4C0-EF4B-4ADC-863A-6FA75AA56E80}"
EndProject
Global
	GlobalSection(SolutionConfigurationPlatforms) = preSolution
		Debug|Any CPU = Debug|Any CPU
		Release|Any CPU = Release|Any CPU
	EndGlobalSection
	GlobalSection(ProjectConfigurationPlatforms) = postSolution
		{A8D4A4C0-EF4B-4ADC-863A-6FA75AA56E80}.Debug|Any CPU.ActiveCfg = Debug|Any CPU
		{A8D4A4C0-EF4B-4ADC-863A-6FA75AA56E80}.Debug|Any CPU.Build.0 = Debug|Any CPU
		{A8D4A4C0-EF4B-4ADC-863A-6FA75AA56E80}.Release|Any CPU.ActiveCfg = Release|Any CPU
		{A8D4A4C0-EF4B-4ADC-863A-6FA75AA56E80}.Release|Any CPU.Build.0 = Release|Any CPU
	EndGlobalSection
	GlobalSection(SolutionProperties) = preSolution
		HideSolutionNode = FALSE
	EndGlobalSection
	GlobalSection(ExtensibilityGlobals) = postSolution
		SolutionGuid = {943106EB-14EB-4208-AB97-B2F27011ED0E}
	EndGlobalSection
EndGlobal
